
Microsoft Visual Studio Solution File, Format Version 12.00
# Visual Studio Version 17
VisualStudioVersion = 17.8.34330.188
MinimumVisualStudioVersion = 10.0.40219.1
Project("{FAE04EC0-301F-11D3-BF4B-00C04F79EFBC}") = "MonteCarloSimulation", "MonteCarloSimulation\MonteCarloSimulation.csproj", "{BFD0DCB4-5820-4ACC-B658-BD1015B9DDB2}"
EndProject
Global
	GlobalSection(SolutionConfigurationPlatforms) = preSolution
		Debug|Any CPU = Debug|Any CPU
		Release|Any CPU = Release|Any CPU
	EndGlobalSection
	GlobalSection(ProjectConfigurationPlatforms) = postSolution
		{BFD0DCB4-5820-4ACC-B658-BD1015B9DDB2}.Debug|Any CPU.ActiveCfg = Debug|Any CPU
		{BFD0DCB4-5820-4ACC-B658-BD1015B9DDB2}.Debug|Any CPU.Build.0 = Debug|Any CPU
		{BFD0DCB4-5820-4ACC-B658-BD1015B9DDB2}.Release|Any CPU.ActiveCfg = Release|Any CPU
		{BFD0DCB4-5820-4ACC-B658-BD1015B9DDB2}.Release|Any CPU.Build.0 = Release|Any CPU
	EndGlobalSection
	GlobalSection(SolutionProperties) = preSolution
		HideSolutionNode = FALSE
	EndGlobalSection
	GlobalSection(ExtensibilityGlobals) = postSolution
		SolutionGuid = {1354EDCD-6BCF-45CE-B791-AE3759E4CC2C}
	EndGlobalSection
EndGlobal
